
Microsoft Visual Studio Solution File, Format Version 12.00
# Visual Studio Version 17
VisualStudioVersion = 17.14.36310.24 d17.14
MinimumVisualStudioVersion = 10.0.40219.1
Project("{FAE04EC0-301F-11D3-BF4B-00C04F79EFBC}") = "kebapbackend", "kebapbackend.csproj", "{8FDD59E6-978D-492F-A273-B729CA46D8E6}"
EndProject
Global
	GlobalSection(SolutionConfigurationPlatforms) = preSolution
		Debug|Any CPU = Debug|Any CPU
		Release|Any CPU = Release|Any CPU
	EndGlobalSection
	GlobalSection(ProjectConfigurationPlatforms) = postSolution
		{8FDD59E6-978D-492F-A273-B729CA46D8E6}.Debug|Any CPU.ActiveCfg = Debug|Any CPU
		{8FDD59E6-978D-492F-A273-B729CA46D8E6}.Debug|Any CPU.Build.0 = Debug|Any CPU
		{8FDD59E6-978D-492F-A273-B729CA46D8E6}.Release|Any CPU.ActiveCfg = Release|Any CPU
		{8FDD59E6-978D-492F-A273-B729CA46D8E6}.Release|Any CPU.Build.0 = Release|Any CPU
	EndGlobalSection
	GlobalSection(SolutionProperties) = preSolution
		HideSolutionNode = FALSE
	EndGlobalSection
	GlobalSection(ExtensibilityGlobals) = postSolution
		SolutionGuid = {AD3EC078-3CA5-460E-9F82-263689814006}
	EndGlobalSection
EndGlobal
